
Microsoft Visual Studio Solution File, Format Version 12.00
# Visual Studio Version 17
VisualStudioVersion = 17.8.34004.107
MinimumVisualStudioVersion = 10.0.40219.1
Project("{9A19103F-16F7-4668-BE54-9A1E7A4F7556}") = "StorageAccount", "StorageAccount\StorageAccount.csproj", "{6739B343-E4E4-4E9A-BDA1-13979C50938D}"
EndProject
Project("{FAE04EC0-301F-11D3-BF4B-00C04F79EFBC}") = "QueueMessageConsumer", "QueueMessageConsumer\QueueMessageConsumer.csproj", "{2079223F-E4B7-4138-97EB-547A66569F26}"
EndProject
Global
	GlobalSection(SolutionConfigurationPlatforms) = preSolution
		Debug|Any CPU = Debug|Any CPU
		Release|Any CPU = Release|Any CPU
	EndGlobalSection
	GlobalSection(ProjectConfigurationPlatforms) = postSolution
		{6739B343-E4E4-4E9A-BDA1-13979C50938D}.Debug|Any CPU.ActiveCfg = Debug|Any CPU
		{6739B343-E4E4-4E9A-BDA1-13979C50938D}.Debug|Any CPU.Build.0 = Debug|Any CPU
		{6739B343-E4E4-4E9A-BDA1-13979C50938D}.Release|Any CPU.ActiveCfg = Release|Any CPU
		{6739B343-E4E4-4E9A-BDA1-13979C50938D}.Release|Any CPU.Build.0 = Release|Any CPU
		{2079223F-E4B7-4138-97EB-547A66569F26}.Debug|Any CPU.ActiveCfg = Debug|Any CPU
		{2079223F-E4B7-4138-97EB-547A66569F26}.Debug|Any CPU.Build.0 = Debug|Any CPU
		{2079223F-E4B7-4138-97EB-547A66569F26}.Release|Any CPU.ActiveCfg = Release|Any CPU
		{2079223F-E4B7-4138-97EB-547A66569F26}.Release|Any CPU.Build.0 = Release|Any CPU
	EndGlobalSection
	GlobalSection(SolutionProperties) = preSolution
		HideSolutionNode = FALSE
	EndGlobalSection
	GlobalSection(ExtensibilityGlobals) = postSolution
		SolutionGuid = {D1B435BF-85DC-42BB-82CF-176C780E6BA8}
	EndGlobalSection
EndGlobal
